
Microsoft Visual Studio Solution File, Format Version 12.00
# Visual Studio Version 17
VisualStudioVersion = 17.3.32728.150
MinimumVisualStudioVersion = 10.0.40219.1
Project("{FAE04EC0-301F-11D3-BF4B-00C04F79EFBC}") = "CQRS_Casgem", "CQRS_Casgem\CQRS_Casgem.csproj", "{D23D3FCE-9485-45AF-BC1B-9D7EB2F0FE84}"
EndProject
Global
	GlobalSection(SolutionConfigurationPlatforms) = preSolution
		Debug|Any CPU = Debug|Any CPU
		Release|Any CPU = Release|Any CPU
	EndGlobalSection
	GlobalSection(ProjectConfigurationPlatforms) = postSolution
		{D23D3FCE-9485-45AF-BC1B-9D7EB2F0FE84}.Debug|Any CPU.ActiveCfg = Debug|Any CPU
		{D23D3FCE-9485-45AF-BC1B-9D7EB2F0FE84}.Debug|Any CPU.Build.0 = Debug|Any CPU
		{D23D3FCE-9485-45AF-BC1B-9D7EB2F0FE84}.Release|Any CPU.ActiveCfg = Release|Any CPU
		{D23D3FCE-9485-45AF-BC1B-9D7EB2F0FE84}.Release|Any CPU.Build.0 = Release|Any CPU
	EndGlobalSection
	GlobalSection(SolutionProperties) = preSolution
		HideSolutionNode = FALSE
	EndGlobalSection
	GlobalSection(ExtensibilityGlobals) = postSolution
		SolutionGuid = {BAA4AB48-103B-4B96-A7CC-3D23F8AF63EE}
	EndGlobalSection
EndGlobal
